
Microsoft Visual Studio Solution File, Format Version 12.00
# Visual Studio 15
VisualStudioVersion = 15.0.26730.16
MinimumVisualStudioVersion = 10.0.40219.1
Project("{FAE04EC0-301F-11D3-BF4B-00C04F79EFBC}") = "SSSP", "SSSP\SSSP.csproj", "{38E0E374-79CD-4754-B9D2-143FF86FFBF2}"
EndProject
Global
	GlobalSection(SolutionConfigurationPlatforms) = preSolution
		Debug|Any CPU = Debug|Any CPU
		Release|Any CPU = Release|Any CPU
	EndGlobalSection
	GlobalSection(ProjectConfigurationPlatforms) = postSolution
		{38E0E374-79CD-4754-B9D2-143FF86FFBF2}.Debug|Any CPU.ActiveCfg = Debug|Any CPU
		{38E0E374-79CD-4754-B9D2-143FF86FFBF2}.Debug|Any CPU.Build.0 = Debug|Any CPU
		{38E0E374-79CD-4754-B9D2-143FF86FFBF2}.Release|Any CPU.ActiveCfg = Release|Any CPU
		{38E0E374-79CD-4754-B9D2-143FF86FFBF2}.Release|Any CPU.Build.0 = Release|Any CPU
	EndGlobalSection
	GlobalSection(SolutionProperties) = preSolution
		HideSolutionNode = FALSE
	EndGlobalSection
	GlobalSection(ExtensibilityGlobals) = postSolution
		SolutionGuid = {F0948AD4-C0C6-45B8-8758-5E6E61D61B41}
	EndGlobalSection
EndGlobal
